// !$*UTF8*$!
{
	archiveVersion = 1;
	classes = {
	};
	objectVersion = 48;
	objects = {

/* Begin PBXBuildFile section */
		04A0030E1F658C0400FCEE11 /* AppDelegate.swift in Sources */ = {isa = PBXBuildFile; fileRef = 04A0030D1F658C0400FCEE11 /* AppDelegate.swift */; };
		04A003101F658C0400FCEE11 /* ViewController.swift in Sources */ = {isa = PBXBuildFile; fileRef = 04A0030F1F658C0400FCEE11 /* ViewController.swift */; };
		04A003131F658C0400FCEE11 /* Main.storyboard in Resources */ = {isa = PBXBuildFile; fileRef = 04A003111F658C0400FCEE11 /* Main.storyboard */; };
		04A003151F658C0400FCEE11 /* Assets.xcassets in Resources */ = {isa = PBXBuildFile; fileRef = 04A003141F658C0400FCEE11 /* Assets.xcassets */; };
		04A003181F658C0400FCEE11 /* LaunchScreen.storyboard in Resources */ = {isa = PBXBuildFile; fileRef = 04A003161F658C0400FCEE11 /* LaunchScreen.storyboard */; };
		04A003231F658C0400FCEE11 /* AnimateSpriteKitOnWatchOSTests.swift in Sources */ = {isa = PBXBuildFile; fileRef = 04A003221F658C0400FCEE11 /* AnimateSpriteKitOnWatchOSTests.swift */; };
		04A0032E1F658C0400FCEE11 /* AnimateSpriteKitOnWatchOSUITests.swift in Sources */ = {isa = PBXBuildFile; fileRef = 04A0032D1F658C0400FCEE11 /* AnimateSpriteKitOnWatchOSUITests.swift */; };
		04A003331F658C0400FCEE11 /* AnimateSpriteKitOnWatchOS WatchKit App.app in Embed Watch Content */ = {isa = PBXBuildFile; fileRef = 04A003321F658C0400FCEE11 /* AnimateSpriteKitOnWatchOS WatchKit App.app */; };
		04A003391F658C0400FCEE11 /* Interface.storyboard in Resources */ = {isa = PBXBuildFile; fileRef = 04A003371F658C0400FCEE11 /* Interface.storyboard */; };
		04A0033B1F658C0400FCEE11 /* Assets.xcassets in Resources */ = {isa = PBXBuildFile; fileRef = 04A0033A1F658C0400FCEE11 /* Assets.xcassets */; };
		04A003421F658C0400FCEE11 /* AnimateSpriteKitOnWatchOS WatchKit Extension.appex in Embed App Extensions */ = {isa = PBXBuildFile; fileRef = 04A003411F658C0400FCEE11 /* AnimateSpriteKitOnWatchOS WatchKit Extension.appex */; settings = {ATTRIBUTES = (RemoveHeadersOnCopy, ); }; };
		04A003471F658C0400FCEE11 /* InterfaceController.swift in Sources */ = {isa = PBXBuildFile; fileRef = 04A003461F658C0400FCEE11 /* InterfaceController.swift */; };
		04A003491F658C0400FCEE11 /* ExtensionDelegate.swift in Sources */ = {isa = PBXBuildFile; fileRef = 04A003481F658C0400FCEE11 /* ExtensionDelegate.swift */; };
		04A0034B1F658C0400FCEE11 /* NotificationController.swift in Sources */ = {isa = PBXBuildFile; fileRef = 04A0034A1F658C0400FCEE11 /* NotificationController.swift */; };
		04A0034D1F658C0400FCEE11 /* Assets.xcassets in Resources */ = {isa = PBXBuildFile; fileRef = 04A0034C1F658C0400FCEE11 /* Assets.xcassets */; };
		04A003641F658D4D00FCEE11 /* ProgressIndicatorScene.sks in Resources */ = {isa = PBXBuildFile; fileRef = 04A003631F658D4D00FCEE11 /* ProgressIndicatorScene.sks */; };
		04A003651F658D4D00FCEE11 /* ProgressIndicatorScene.sks in Resources */ = {isa = PBXBuildFile; fileRef = 04A003631F658D4D00FCEE11 /* ProgressIndicatorScene.sks */; };
/* End PBXBuildFile section */

/* Begin PBXContainerItemProxy section */
		04A0031F1F658C0400FCEE11 /* PBXContainerItemProxy */ = {
			isa = PBXContainerItemProxy;
			containerPortal = 04A003021F658C0400FCEE11 /* Project object */;
			proxyType = 1;
			remoteGlobalIDString = 04A003091F658C0400FCEE11;
			remoteInfo = AnimateSpriteKitOnWatchOS;
		};
		04A0032A1F658C0400FCEE11 /* PBXContainerItemProxy */ = {
			isa = PBXContainerItemProxy;
			containerPortal = 04A003021F658C0400FCEE11 /* Project object */;
			proxyType = 1;
			remoteGlobalIDString = 04A003091F658C0400FCEE11;
			remoteInfo = AnimateSpriteKitOnWatchOS;
		};
		04A003341F658C0400FCEE11 /* PBXContainerItemProxy */ = {
			isa = PBXContainerItemProxy;
			containerPortal = 04A003021F658C0400FCEE11 /* Project object */;
			proxyType = 1;
			remoteGlobalIDString = 04A003311F658C0400FCEE11;
			remoteInfo = "AnimateSpriteKitOnWatchOS WatchKit App";
		};
		04A003431F658C0400FCEE11 /* PBXContainerItemProxy */ = {
			isa = PBXContainerItemProxy;
			containerPortal = 04A003021F658C0400FCEE11 /* Project object */;
			proxyType = 1;
			remoteGlobalIDString = 04A003401F658C0400FCEE11;
			remoteInfo = "AnimateSpriteKitOnWatchOS WatchKit Extension";
		};
/* End PBXContainerItemProxy section */

/* Begin PBXCopyFilesBuildPhase section */
		04A003551F658C0400FCEE11 /* Embed App Extensions */ = {
			isa = PBXCopyFilesBuildPhase;
			buildActionMask = 2147483647;
			dstPath = "";
			dstSubfolderSpec = 13;
			files = (
				04A003421F658C0400FCEE11 /* AnimateSpriteKitOnWatchOS WatchKit Extension.appex in Embed App Extensions */,
			);
			name = "Embed App Extensions";
			runOnlyForDeploymentPostprocessing = 0;
		};
		04A003591F658C0400FCEE11 /* Embed Watch Content */ = {
			isa = PBXCopyFilesBuildPhase;
			buildActionMask = 2147483647;
			dstPath = "$(CONTENTS_FOLDER_PATH)/Watch";
			dstSubfolderSpec = 16;
			files = (
				04A003331F658C0400FCEE11 /* AnimateSpriteKitOnWatchOS WatchKit App.app in Embed Watch Content */,
			);
			name = "Embed Watch Content";
			runOnlyForDeploymentPostprocessing = 0;
		};
/* End PBXCopyFilesBuildPhase section */

/* Begin PBXFileReference section */
		04A0030A1F658C0400FCEE11 /* AnimateSpriteKitOnWatchOS.app */ = {isa = PBXFileReference; explicitFileType = wrapper.application; includeInIndex = 0; path = AnimateSpriteKitOnWatchOS.app; sourceTree = BUILT_PRODUCTS_DIR; };
		04A0030D1F658C0400FCEE11 /* AppDelegate.swift */ = {isa = PBXFileReference; lastKnownFileType = sourcecode.swift; path = AppDelegate.swift; sourceTree = "<group>"; };
		04A0030F1F658C0400FCEE11 /* ViewController.swift */ = {isa = PBXFileReference; lastKnownFileType = sourcecode.swift; path = ViewController.swift; sourceTree = "<group>"; };
		04A003121F658C0400FCEE11 /* Base */ = {isa = PBXFileReference; lastKnownFileType = file.storyboard; name = Base; path = Base.lproj/Main.storyboard; sourceTree = "<group>"; };
		04A003141F658C0400FCEE11 /* Assets.xcassets */ = {isa = PBXFileReference; lastKnownFileType = folder.assetcatalog; path = Assets.xcassets; sourceTree = "<group>"; };
		04A003171F658C0400FCEE11 /* Base */ = {isa = PBXFileReference; lastKnownFileType = file.storyboard; name = Base; path = Base.lproj/LaunchScreen.storyboard; sourceTree = "<group>"; };
		04A003191F658C0400FCEE11 /* Info.plist */ = {isa = PBXFileReference; lastKnownFileType = text.plist.xml; path = Info.plist; sourceTree = "<group>"; };
		04A0031E1F658C0400FCEE11 /* AnimateSpriteKitOnWatchOSTests.xctest */ = {isa = PBXFileReference; explicitFileType = wrapper.cfbundle; includeInIndex = 0; path = AnimateSpriteKitOnWatchOSTests.xctest; sourceTree = BUILT_PRODUCTS_DIR; };
		04A003221F658C0400FCEE11 /* AnimateSpriteKitOnWatchOSTests.swift */ = {isa = PBXFileReference; lastKnownFileType = sourcecode.swift; path = AnimateSpriteKitOnWatchOSTests.swift; sourceTree = "<group>"; };
		04A003241F658C0400FCEE11 /* Info.plist */ = {isa = PBXFileReference; lastKnownFileType = text.plist.xml; path = Info.plist; sourceTree = "<group>"; };
		04A003291F658C0400FCEE11 /* AnimateSpriteKitOnWatchOSUITests.xctest */ = {isa = PBXFileReference; explicitFileType = wrapper.cfbundle; includeInIndex = 0; path = AnimateSpriteKitOnWatchOSUITests.xctest; sourceTree = BUILT_PRODUCTS_DIR; };
		04A0032D1F658C0400FCEE11 /* AnimateSpriteKitOnWatchOSUITests.swift */ = {isa = PBXFileReference; lastKnownFileType = sourcecode.swift; path = AnimateSpriteKitOnWatchOSUITests.swift; sourceTree = "<group>"; };
		04A0032F1F658C0400FCEE11 /* Info.plist */ = {isa = PBXFileReference; lastKnownFileType = text.plist.xml; path = Info.plist; sourceTree = "<group>"; };
		04A003321F658C0400FCEE11 /* AnimateSpriteKitOnWatchOS WatchKit App.app */ = {isa = PBXFileReference; explicitFileType = wrapper.application; includeInIndex = 0; path = "AnimateSpriteKitOnWatchOS WatchKit App.app"; sourceTree = BUILT_PRODUCTS_DIR; };
		04A003381F658C0400FCEE11 /* Base */ = {isa = PBXFileReference; lastKnownFileType = file.storyboard; name = Base; path = Base.lproj/Interface.storyboard; sourceTree = "<group>"; };
		04A0033A1F658C0400FCEE11 /* Assets.xcassets */ = {isa = PBXFileReference; lastKnownFileType = folder.assetcatalog; path = Assets.xcassets; sourceTree = "<group>"; };
		04A0033C1F658C0400FCEE11 /* Info.plist */ = {isa = PBXFileReference; lastKnownFileType = text.plist.xml; path = Info.plist; sourceTree = "<group>"; };
		04A003411F658C0400FCEE11 /* AnimateSpriteKitOnWatchOS WatchKit Extension.appex */ = {isa = PBXFileReference; explicitFileType = "wrapper.app-extension"; includeInIndex = 0; path = "AnimateSpriteKitOnWatchOS WatchKit Extension.appex"; sourceTree = BUILT_PRODUCTS_DIR; };
		04A003461F658C0400FCEE11 /* InterfaceController.swift */ = {isa = PBXFileReference; lastKnownFileType = sourcecode.swift; path = InterfaceController.swift; sourceTree = "<group>"; };
		04A003481F658C0400FCEE11 /* ExtensionDelegate.swift */ = {isa = PBXFileReference; lastKnownFileType = sourcecode.swift; path = ExtensionDelegate.swift; sourceTree = "<group>"; };
		04A0034A1F658C0400FCEE11 /* NotificationController.swift */ = {isa = PBXFileReference; lastKnownFileType = sourcecode.swift; path = NotificationController.swift; sourceTree = "<group>"; };
		04A0034C1F658C0400FCEE11 /* Assets.xcassets */ = {isa = PBXFileReference; lastKnownFileType = folder.assetcatalog; path = Assets.xcassets; sourceTree = "<group>"; };
		04A0034E1F658C0400FCEE11 /* Info.plist */ = {isa = PBXFileReference; lastKnownFileType = text.plist.xml; path = Info.plist; sourceTree = "<group>"; };
		04A0034F1F658C0400FCEE11 /* PushNotificationPayload.apns */ = {isa = PBXFileReference; lastKnownFileType = text; path = PushNotificationPayload.apns; sourceTree = "<group>"; };
		04A003631F658D4D00FCEE11 /* ProgressIndicatorScene.sks */ = {isa = PBXFileReference; lastKnownFileType = file.sks; path = ProgressIndicatorScene.sks; sourceTree = "<group>"; };
		04A003681F65945300FCEE11 /* 712.png */ = {isa = PBXFileReference; lastKnownFileType = image.png; path = 712.png; sourceTree = "<group>"; };
/* End PBXFileReference section */

/* Begin PBXFrameworksBuildPhase section */
		04A003071F658C0400FCEE11 /* Frameworks */ = {
			isa = PBXFrameworksBuildPhase;
			buildActionMask = 2147483647;
			files = (
			);
			runOnlyForDeploymentPostprocessing = 0;
		};
		04A0031B1F658C0400FCEE11 /* Frameworks */ = {
			isa = PBXFrameworksBuildPhase;
			buildActionMask = 2147483647;
			files = (
			);
			runOnlyForDeploymentPostprocessing = 0;
		};
		04A003261F658C0400FCEE11 /* Frameworks */ = {
			isa = PBXFrameworksBuildPhase;
			buildActionMask = 2147483647;
			files = (
			);
			runOnlyForDeploymentPostprocessing = 0;
		};
		04A0033E1F658C0400FCEE11 /* Frameworks */ = {
			isa = PBXFrameworksBuildPhase;
			buildActionMask = 2147483647;
			files = (
			);
			runOnlyForDeploymentPostprocessing = 0;
		};
/* End PBXFrameworksBuildPhase section */

/* Begin PBXGroup section */
		04A003011F658C0400FCEE11 = {
			isa = PBXGroup;
			children = (
				04A0030C1F658C0400FCEE11 /* AnimateSpriteKitOnWatchOS */,
				04A003211F658C0400FCEE11 /* AnimateSpriteKitOnWatchOSTests */,
				04A0032C1F658C0400FCEE11 /* AnimateSpriteKitOnWatchOSUITests */,
				04A003361F658C0400FCEE11 /* AnimateSpriteKitOnWatchOS WatchKit App */,
				04A003451F658C0400FCEE11 /* AnimateSpriteKitOnWatchOS WatchKit Extension */,
				04A0030B1F658C0400FCEE11 /* Products */,
			);
			sourceTree = "<group>";
		};
		04A0030B1F658C0400FCEE11 /* Products */ = {
			isa = PBXGroup;
			children = (
				04A0030A1F658C0400FCEE11 /* AnimateSpriteKitOnWatchOS.app */,
				04A0031E1F658C0400FCEE11 /* AnimateSpriteKitOnWatchOSTests.xctest */,
				04A003291F658C0400FCEE11 /* AnimateSpriteKitOnWatchOSUITests.xctest */,
				04A003321F658C0400FCEE11 /* AnimateSpriteKitOnWatchOS WatchKit App.app */,
				04A003411F658C0400FCEE11 /* AnimateSpriteKitOnWatchOS WatchKit Extension.appex */,
			);
			name = Products;
			sourceTree = "<group>";
		};
		04A0030C1F658C0400FCEE11 /* AnimateSpriteKitOnWatchOS */ = {
			isa = PBXGroup;
			children = (
				04A0030D1F658C0400FCEE11 /* AppDelegate.swift */,
				04A0030F1F658C0400FCEE11 /* ViewController.swift */,
				04A003111F658C0400FCEE11 /* Main.storyboard */,
				04A003141F658C0400FCEE11 /* Assets.xcassets */,
				04A003161F658C0400FCEE11 /* LaunchScreen.storyboard */,
				04A003191F658C0400FCEE11 /* Info.plist */,
			);
			path = AnimateSpriteKitOnWatchOS;
			sourceTree = "<group>";
		};
		04A003211F658C0400FCEE11 /* AnimateSpriteKitOnWatchOSTests */ = {
			isa = PBXGroup;
			children = (
				04A003221F658C0400FCEE11 /* AnimateSpriteKitOnWatchOSTests.swift */,
				04A003241F658C0400FCEE11 /* Info.plist */,
			);
			path = AnimateSpriteKitOnWatchOSTests;
			sourceTree = "<group>";
		};
		04A0032C1F658C0400FCEE11 /* AnimateSpriteKitOnWatchOSUITests */ = {
			isa = PBXGroup;
			children = (
				04A0032D1F658C0400FCEE11 /* AnimateSpriteKitOnWatchOSUITests.swift */,
				04A0032F1F658C0400FCEE11 /* Info.plist */,
			);
			path = AnimateSpriteKitOnWatchOSUITests;
			sourceTree = "<group>";
		};
		04A003361F658C0400FCEE11 /* AnimateSpriteKitOnWatchOS WatchKit App */ = {
			isa = PBXGroup;
			children = (
				04A003371F658C0400FCEE11 /* Interface.storyboard */,
				04A0033A1F658C0400FCEE11 /* Assets.xcassets */,
				04A0033C1F658C0400FCEE11 /* Info.plist */,
			);
			path = "AnimateSpriteKitOnWatchOS WatchKit App";
			sourceTree = "<group>";
		};
		04A003451F658C0400FCEE11 /* AnimateSpriteKitOnWatchOS WatchKit Extension */ = {
			isa = PBXGroup;
			children = (
				04A003631F658D4D00FCEE11 /* ProgressIndicatorScene.sks */,
				04A003461F658C0400FCEE11 /* InterfaceController.swift */,
				04A003481F658C0400FCEE11 /* ExtensionDelegate.swift */,
				04A0034A1F658C0400FCEE11 /* NotificationController.swift */,
				04A003681F65945300FCEE11 /* 712.png */,
				04A0034C1F658C0400FCEE11 /* Assets.xcassets */,
				04A0034E1F658C0400FCEE11 /* Info.plist */,
				04A0034F1F658C0400FCEE11 /* PushNotificationPayload.apns */,
			);
			path = "AnimateSpriteKitOnWatchOS WatchKit Extension";
			sourceTree = "<group>";
		};
/* End PBXGroup section */

/* Begin PBXNativeTarget section */
		04A003091F658C0400FCEE11 /* AnimateSpriteKitOnWatchOS */ = {
			isa = PBXNativeTarget;
			buildConfigurationList = 04A0035A1F658C0400FCEE11 /* Build configuration list for PBXNativeTarget "AnimateSpriteKitOnWatchOS" */;
			buildPhases = (
				04A003061F658C0400FCEE11 /* Sources */,
				04A003071F658C0400FCEE11 /* Frameworks */,
				04A003081F658C0400FCEE11 /* Resources */,
				04A003591F658C0400FCEE11 /* Embed Watch Content */,
			);
			buildRules = (
			);
			dependencies = (
				04A003351F658C0400FCEE11 /* PBXTargetDependency */,
			);
			name = AnimateSpriteKitOnWatchOS;
			productName = AnimateSpriteKitOnWatchOS;
			productReference = 04A0030A1F658C0400FCEE11 /* AnimateSpriteKitOnWatchOS.app */;
			productType = "com.apple.product-type.application";
		};
		04A0031D1F658C0400FCEE11 /* AnimateSpriteKitOnWatchOSTests */ = {
			isa = PBXNativeTarget;
			buildConfigurationList = 04A0035D1F658C0400FCEE11 /* Build configuration list for PBXNativeTarget "AnimateSpriteKitOnWatchOSTests" */;
			buildPhases = (
				04A0031A1F658C0400FCEE11 /* Sources */,
				04A0031B1F658C0400FCEE11 /* Frameworks */,
				04A0031C1F658C0400FCEE11 /* Resources */,
			);
			buildRules = (
			);
			dependencies = (
				04A003201F658C0400FCEE11 /* PBXTargetDependency */,
			);
			name = AnimateSpriteKitOnWatchOSTests;
			productName = AnimateSpriteKitOnWatchOSTests;
			productReference = 04A0031E1F658C0400FCEE11 /* AnimateSpriteKitOnWatchOSTests.xctest */;
			productType = "com.apple.product-type.bundle.unit-test";
		};
		04A003281F658C0400FCEE11 /* AnimateSpriteKitOnWatchOSUITests */ = {
			isa = PBXNativeTarget;
			buildConfigurationList = 04A003601F658C0400FCEE11 /* Build configuration list for PBXNativeTarget "AnimateSpriteKitOnWatchOSUITests" */;
			buildPhases = (
				04A003251F658C0400FCEE11 /* Sources */,
				04A003261F658C0400FCEE11 /* Frameworks */,
				04A003271F658C0400FCEE11 /* Resources */,
			);
			buildRules = (
			);
			dependencies = (
				04A0032B1F658C0400FCEE11 /* PBXTargetDependency */,
			);
			name = AnimateSpriteKitOnWatchOSUITests;
			productName = AnimateSpriteKitOnWatchOSUITests;
			productReference = 04A003291F658C0400FCEE11 /* AnimateSpriteKitOnWatchOSUITests.xctest */;
			productType = "com.apple.product-type.bundle.ui-testing";
		};
		04A003311F658C0400FCEE11 /* AnimateSpriteKitOnWatchOS WatchKit App */ = {
			isa = PBXNativeTarget;
			buildConfigurationList = 04A003561F658C0400FCEE11 /* Build configuration list for PBXNativeTarget "AnimateSpriteKitOnWatchOS WatchKit App" */;
			buildPhases = (
				04A003301F658C0400FCEE11 /* Resources */,
				04A003551F658C0400FCEE11 /* Embed App Extensions */,
			);
			buildRules = (
			);
			dependencies = (
				04A003441F658C0400FCEE11 /* PBXTargetDependency */,
			);
			name = "AnimateSpriteKitOnWatchOS WatchKit App";
			productName = "AnimateSpriteKitOnWatchOS WatchKit App";
			productReference = 04A003321F658C0400FCEE11 /* AnimateSpriteKitOnWatchOS WatchKit App.app */;
			productType = "com.apple.product-type.application.watchapp2";
		};
		04A003401F658C0400FCEE11 /* AnimateSpriteKitOnWatchOS WatchKit Extension */ = {
			isa = PBXNativeTarget;
			buildConfigurationList = 04A003521F658C0400FCEE11 /* Build configuration list for PBXNativeTarget "AnimateSpriteKitOnWatchOS WatchKit Extension" */;
			buildPhases = (
				04A0033D1F658C0400FCEE11 /* Sources */,
				04A0033E1F658C0400FCEE11 /* Frameworks */,
				04A0033F1F658C0400FCEE11 /* Resources */,
			);
			buildRules = (
			);
			dependencies = (
			);
			name = "AnimateSpriteKitOnWatchOS WatchKit Extension";
			productName = "AnimateSpriteKitOnWatchOS WatchKit Extension";
			productReference = 04A003411F658C0400FCEE11 /* AnimateSpriteKitOnWatchOS WatchKit Extension.appex */;
			productType = "com.apple.product-type.watchkit2-extension";
		};
/* End PBXNativeTarget section */

/* Begin PBXProject section */
		04A003021F658C0400FCEE11 /* Project object */ = {
			isa = PBXProject;
			attributes = {
				LastSwiftUpdateCheck = 0900;
				LastUpgradeCheck = 0900;
				ORGANIZATIONNAME = "Vineet Bhatia";
				TargetAttributes = {
					04A003091F658C0400FCEE11 = {
						CreatedOnToolsVersion = 9.0;
						ProvisioningStyle = Automatic;
					};
					04A0031D1F658C0400FCEE11 = {
						CreatedOnToolsVersion = 9.0;
						ProvisioningStyle = Automatic;
						TestTargetID = 04A003091F658C0400FCEE11;
					};
					04A003281F658C0400FCEE11 = {
						CreatedOnToolsVersion = 9.0;
						ProvisioningStyle = Automatic;
						TestTargetID = 04A003091F658C0400FCEE11;
					};
					04A003311F658C0400FCEE11 = {
						CreatedOnToolsVersion = 9.0;
						ProvisioningStyle = Automatic;
					};
					04A003401F658C0400FCEE11 = {
						CreatedOnToolsVersion = 9.0;
						ProvisioningStyle = Automatic;
					};
				};
			};
			buildConfigurationList = 04A003051F658C0400FCEE11 /* Build configuration list for PBXProject "AnimateSpriteKitOnWatchOS" */;
			compatibilityVersion = "Xcode 8.0";
			developmentRegion = en;
			hasScannedForEncodings = 0;
			knownRegions = (
				en,
				Base,
			);
			mainGroup = 04A003011F658C0400FCEE11;
			productRefGroup = 04A0030B1F658C0400FCEE11 /* Products */;
			projectDirPath = "";
			projectRoot = "";
			targets = (
				04A003091F658C0400FCEE11 /* AnimateSpriteKitOnWatchOS */,
				04A0031D1F658C0400FCEE11 /* AnimateSpriteKitOnWatchOSTests */,
				04A003281F658C0400FCEE11 /* AnimateSpriteKitOnWatchOSUITests */,
				04A003311F658C0400FCEE11 /* AnimateSpriteKitOnWatchOS WatchKit App */,
				04A003401F658C0400FCEE11 /* AnimateSpriteKitOnWatchOS WatchKit Extension */,
			);
		};
/* End PBXProject section */

/* Begin PBXResourcesBuildPhase section */
		04A003081F658C0400FCEE11 /* Resources */ = {
			isa = PBXResourcesBuildPhase;
			buildActionMask = 2147483647;
			files = (
				04A003181F658C0400FCEE11 /* LaunchScreen.storyboard in Resources */,
				04A003641F658D4D00FCEE11 /* ProgressIndicatorScene.sks in Resources */,
				04A003151F658C0400FCEE11 /* Assets.xcassets in Resources */,
				04A003131F658C0400FCEE11 /* Main.storyboard in Resources */,
			);
			runOnlyForDeploymentPostprocessing = 0;
		};
		04A0031C1F658C0400FCEE11 /* Resources */ = {
			isa = PBXResourcesBuildPhase;
			buildActionMask = 2147483647;
			files = (
			);
			runOnlyForDeploymentPostprocessing = 0;
		};
		04A003271F658C0400FCEE11 /* Resources */ = {
			isa = PBXResourcesBuildPhase;
			buildActionMask = 2147483647;
			files = (
			);
			runOnlyForDeploymentPostprocessing = 0;
		};
		04A003301F658C0400FCEE11 /* Resources */ = {
			isa = PBXResourcesBuildPhase;
			buildActionMask = 2147483647;
			files = (
				04A0033B1F658C0400FCEE11 /* Assets.xcassets in Resources */,
				04A003391F658C0400FCEE11 /* Interface.storyboard in Resources */,
			);
			runOnlyForDeploymentPostprocessing = 0;
		};
		04A0033F1F658C0400FCEE11 /* Resources */ = {
			isa = PBXResourcesBuildPhase;
			buildActionMask = 2147483647;
			files = (
				04A0034D1F658C0400FCEE11 /* Assets.xcassets in Resources */,
				04A003651F658D4D00FCEE11 /* ProgressIndicatorScene.sks in Resources */,
			);
			runOnlyForDeploymentPostprocessing = 0;
		};
/* End PBXResourcesBuildPhase section */

/* Begin PBXSourcesBuildPhase section */
		04A003061F658C0400FCEE11 /* Sources */ = {
			isa = PBXSourcesBuildPhase;
			buildActionMask = 2147483647;
			files = (
				04A003101F658C0400FCEE11 /* ViewController.swift in Sources */,
				04A0030E1F658C0400FCEE11 /* AppDelegate.swift in Sources */,
			);
			runOnlyForDeploymentPostprocessing = 0;
		};
		04A0031A1F658C0400FCEE11 /* Sources */ = {
			isa = PBXSourcesBuildPhase;
			buildActionMask = 2147483647;
			files = (
				04A003231F658C0400FCEE11 /* AnimateSpriteKitOnWatchOSTests.swift in Sources */,
			);
			runOnlyForDeploymentPostprocessing = 0;
		};
		04A003251F658C0400FCEE11 /* Sources */ = {
			isa = PBXSourcesBuildPhase;
			buildActionMask = 2147483647;
			files = (
				04A0032E1F658C0400FCEE11 /* AnimateSpriteKitOnWatchOSUITests.swift in Sources */,
			);
			runOnlyForDeploymentPostprocessing = 0;
		};
		04A0033D1F658C0400FCEE11 /* Sources */ = {
			isa = PBXSourcesBuildPhase;
			buildActionMask = 2147483647;
			files = (
				04A0034B1F658C0400FCEE11 /* NotificationController.swift in Sources */,
				04A003491F658C0400FCEE11 /* ExtensionDelegate.swift in Sources */,
				04A003471F658C0400FCEE11 /* InterfaceController.swift in Sources */,
			);
			runOnlyForDeploymentPostprocessing = 0;
		};
/* End PBXSourcesBuildPhase section */

/* Begin PBXTargetDependency section */
		04A003201F658C0400FCEE11 /* PBXTargetDependency */ = {
			isa = PBXTargetDependency;
			target = 04A003091F658C0400FCEE11 /* AnimateSpriteKitOnWatchOS */;
			targetProxy = 04A0031F1F658C0400FCEE11 /* PBXContainerItemProxy */;
		};
		04A0032B1F658C0400FCEE11 /* PBXTargetDependency */ = {
			isa = PBXTargetDependency;
			target = 04A003091F658C0400FCEE11 /* AnimateSpriteKitOnWatchOS */;
			targetProxy = 04A0032A1F658C0400FCEE11 /* PBXContainerItemProxy */;
		};
		04A003351F658C0400FCEE11 /* PBXTargetDependency */ = {
			isa = PBXTargetDependency;
			target = 04A003311F658C0400FCEE11 /* AnimateSpriteKitOnWatchOS WatchKit App */;
			targetProxy = 04A003341F658C0400FCEE11 /* PBXContainerItemProxy */;
		};
		04A003441F658C0400FCEE11 /* PBXTargetDependency */ = {
			isa = PBXTargetDependency;
			target = 04A003401F658C0400FCEE11 /* AnimateSpriteKitOnWatchOS WatchKit Extension */;
			targetProxy = 04A003431F658C0400FCEE11 /* PBXContainerItemProxy */;
		};
/* End PBXTargetDependency section */

/* Begin PBXVariantGroup section */
		04A003111F658C0400FCEE11 /* Main.storyboard */ = {
			isa = PBXVariantGroup;
			children = (
				04A003121F658C0400FCEE11 /* Base */,
			);
			name = Main.storyboard;
			sourceTree = "<group>";
		};
		04A003161F658C0400FCEE11 /* LaunchScreen.storyboard */ = {
			isa = PBXVariantGroup;
			children = (
				04A003171F658C0400FCEE11 /* Base */,
			);
			name = LaunchScreen.storyboard;
			sourceTree = "<group>";
		};
		04A003371F658C0400FCEE11 /* Interface.storyboard */ = {
			isa = PBXVariantGroup;
			children = (
				04A003381F658C0400FCEE11 /* Base */,
			);
			name = Interface.storyboard;
			sourceTree = "<group>";
		};
/* End PBXVariantGroup section */

/* Begin XCBuildConfiguration section */
		04A003501F658C0400FCEE11 /* Debug */ = {
			isa = XCBuildConfiguration;
			buildSettings = {
				ALWAYS_SEARCH_USER_PATHS = NO;
				CLANG_ANALYZER_NONNULL = YES;
				CLANG_ANALYZER_NUMBER_OBJECT_CONVERSION = YES_AGGRESSIVE;
				CLANG_CXX_LANGUAGE_STANDARD = "gnu++14";
				CLANG_CXX_LIBRARY = "libc++";
				CLANG_ENABLE_MODULES = YES;
				CLANG_ENABLE_OBJC_ARC = YES;
				CLANG_WARN_BLOCK_CAPTURE_AUTORELEASING = YES;
				CLANG_WARN_BOOL_CONVERSION = YES;
				CLANG_WARN_COMMA = YES;
				CLANG_WARN_CONSTANT_CONVERSION = YES;
				CLANG_WARN_DIRECT_OBJC_ISA_USAGE = YES_ERROR;
				CLANG_WARN_DOCUMENTATION_COMMENTS = YES;
				CLANG_WARN_EMPTY_BODY = YES;
				CLANG_WARN_ENUM_CONVERSION = YES;
				CLANG_WARN_INFINITE_RECURSION = YES;
				CLANG_WARN_INT_CONVERSION = YES;
				CLANG_WARN_NON_LITERAL_NULL_CONVERSION = YES;
				CLANG_WARN_OBJC_LITERAL_CONVERSION = YES;
				CLANG_WARN_OBJC_ROOT_CLASS = YES_ERROR;
				CLANG_WARN_RANGE_LOOP_ANALYSIS = YES;
				CLANG_WARN_STRICT_PROTOTYPES = YES;
				CLANG_WARN_SUSPICIOUS_MOVE = YES;
				CLANG_WARN_UNGUARDED_AVAILABILITY = YES_AGGRESSIVE;
				CLANG_WARN_UNREACHABLE_CODE = YES;
				CLANG_WARN__DUPLICATE_METHOD_MATCH = YES;
				CODE_SIGN_IDENTITY = "iPhone Developer";
				COPY_PHASE_STRIP = NO;
				DEBUG_INFORMATION_FORMAT = dwarf;
				ENABLE_STRICT_OBJC_MSGSEND = YES;
				ENABLE_TESTABILITY = YES;
				GCC_C_LANGUAGE_STANDARD = gnu11;
				GCC_DYNAMIC_NO_PIC = NO;
				GCC_NO_COMMON_BLOCKS = YES;
				GCC_OPTIMIZATION_LEVEL = 0;
				GCC_PREPROCESSOR_DEFINITIONS = (
					"DEBUG=1",
					"$(inherited)",
				);
				GCC_WARN_64_TO_32_BIT_CONVERSION = YES;
				GCC_WARN_ABOUT_RETURN_TYPE = YES_ERROR;
				GCC_WARN_UNDECLARED_SELECTOR = YES;
				GCC_WARN_UNINITIALIZED_AUTOS = YES_AGGRESSIVE;
				GCC_WARN_UNUSED_FUNCTION = YES;
				GCC_WARN_UNUSED_VARIABLE = YES;
				IPHONEOS_DEPLOYMENT_TARGET = 11.0;
				MTL_ENABLE_DEBUG_INFO = YES;
				ONLY_ACTIVE_ARCH = YES;
				SDKROOT = iphoneos;
				SWIFT_ACTIVE_COMPILATION_CONDITIONS = DEBUG;
				SWIFT_OPTIMIZATION_LEVEL = "-Onone";
			};
			name = Debug;
		};
		04A003511F658C0400FCEE11 /* Release */ = {
			isa = XCBuildConfiguration;
			buildSettings = {
				ALWAYS_SEARCH_USER_PATHS = NO;
				CLANG_ANALYZER_NONNULL = YES;
				CLANG_ANALYZER_NUMBER_OBJECT_CONVERSION = YES_AGGRESSIVE;
				CLANG_CXX_LANGUAGE_STANDARD = "gnu++14";
				CLANG_CXX_LIBRARY = "libc++";
				CLANG_ENABLE_MODULES = YES;
				CLANG_ENABLE_OBJC_ARC = YES;
				CLANG_WARN_BLOCK_CAPTURE_AUTORELEASING = YES;
				CLANG_WARN_BOOL_CONVERSION = YES;
				CLANG_WARN_COMMA = YES;
				CLANG_WARN_CONSTANT_CONVERSION = YES;
				CLANG_WARN_DIRECT_OBJC_ISA_USAGE = YES_ERROR;
				CLANG_WARN_DOCUMENTATION_COMMENTS = YES;
				CLANG_WARN_EMPTY_BODY = YES;
				CLANG_WARN_ENUM_CONVERSION = YES;
				CLANG_WARN_INFINITE_RECURSION = YES;
				CLANG_WARN_INT_CONVERSION = YES;
				CLANG_WARN_NON_LITERAL_NULL_CONVERSION = YES;
				CLANG_WARN_OBJC_LITERAL_CONVERSION = YES;
				CLANG_WARN_OBJC_ROOT_CLASS = YES_ERROR;
				CLANG_WARN_RANGE_LOOP_ANALYSIS = YES;
				CLANG_WARN_STRICT_PROTOTYPES = YES;
				CLANG_WARN_SUSPICIOUS_MOVE = YES;
				CLANG_WARN_UNGUARDED_AVAILABILITY = YES_AGGRESSIVE;
				CLANG_WARN_UNREACHABLE_CODE = YES;
				CLANG_WARN__DUPLICATE_METHOD_MATCH = YES;
				CODE_SIGN_IDENTITY = "iPhone Developer";
				COPY_PHASE_STRIP = NO;
				DEBUG_INFORMATION_FORMAT = "dwarf-with-dsym";
				ENABLE_NS_ASSERTIONS = NO;
				ENABLE_STRICT_OBJC_MSGSEND = YES;
				GCC_C_LANGUAGE_STANDARD = gnu11;
				GCC_NO_COMMON_BLOCKS = YES;
				GCC_WARN_64_TO_32_BIT_CONVERSION = YES;
				GCC_WARN_ABOUT_RETURN_TYPE = YES_ERROR;
				GCC_WARN_UNDECLARED_SELECTOR = YES;
				GCC_WARN_UNINITIALIZED_AUTOS = YES_AGGRESSIVE;
				GCC_WARN_UNUSED_FUNCTION = YES;
				GCC_WARN_UNUSED_VARIABLE = YES;
				IPHONEOS_DEPLOYMENT_TARGET = 11.0;
				MTL_ENABLE_DEBUG_INFO = NO;
				SDKROOT = iphoneos;
				SWIFT_OPTIMIZATION_LEVEL = "-Owholemodule";
				VALIDATE_PRODUCT = YES;
			};
			name = Release;
		};
		04A003531F658C0400FCEE11 /* Debug */ = {
			isa = XCBuildConfiguration;
			buildSettings = {
				ASSETCATALOG_COMPILER_COMPLICATION_NAME = Complication;
				CODE_SIGN_STYLE = Automatic;
				INFOPLIST_FILE = "AnimateSpriteKitOnWatchOS WatchKit Extension/Info.plist";
				LD_RUNPATH_SEARCH_PATHS = "$(inherited) @executable_path/Frameworks @executable_path/../../Frameworks";
				PRODUCT_BUNDLE_IDENTIFIER = com.vineetb.AnimateSpriteKitOnWatchOS.watchkitapp.watchkitextension;
				PRODUCT_NAME = "${TARGET_NAME}";
				SDKROOT = watchos;
				SKIP_INSTALL = YES;
				SWIFT_VERSION = 4.0;
				TARGETED_DEVICE_FAMILY = 4;
				WATCHOS_DEPLOYMENT_TARGET = 4.0;
			};
			name = Debug;
		};
		04A003541F658C0400FCEE11 /* Release */ = {
			isa = XCBuildConfiguration;
			buildSettings = {
				ASSETCATALOG_COMPILER_COMPLICATION_NAME = Complication;
				CODE_SIGN_STYLE = Automatic;
				INFOPLIST_FILE = "AnimateSpriteKitOnWatchOS WatchKit Extension/Info.plist";
				LD_RUNPATH_SEARCH_PATHS = "$(inherited) @executable_path/Frameworks @executable_path/../../Frameworks";
				PRODUCT_BUNDLE_IDENTIFIER = com.vineetb.AnimateSpriteKitOnWatchOS.watchkitapp.watchkitextension;
				PRODUCT_NAME = "${TARGET_NAME}";
				SDKROOT = watchos;
				SKIP_INSTALL = YES;
				SWIFT_VERSION = 4.0;
				TARGETED_DEVICE_FAMILY = 4;
				WATCHOS_DEPLOYMENT_TARGET = 4.0;
			};
			name = Release;
		};
		04A003571F658C0400FCEE11 /* Debug */ = {
			isa = XCBuildConfiguration;
			buildSettings = {
				ALWAYS_EMBED_SWIFT_STANDARD_LIBRARIES = YES;
				ASSETCATALOG_COMPILER_APPICON_NAME = AppIcon;
				CODE_SIGN_STYLE = Automatic;
				IBSC_MODULE = AnimateSpriteKitOnWatchOS_WatchKit_Extension;
				INFOPLIST_FILE = "AnimateSpriteKitOnWatchOS WatchKit App/Info.plist";
				PRODUCT_BUNDLE_IDENTIFIER = com.vineetb.AnimateSpriteKitOnWatchOS.watchkitapp;
				PRODUCT_NAME = "$(TARGET_NAME)";
				SDKROOT = watchos;
				SKIP_INSTALL = YES;
				SWIFT_VERSION = 4.0;
				TARGETED_DEVICE_FAMILY = 4;
				WATCHOS_DEPLOYMENT_TARGET = 4.0;
			};
			name = Debug;
		};
		04A003581F658C0400FCEE11 /* Release */ = {
			isa = XCBuildConfiguration;
			buildSettings = {
				ALWAYS_EMBED_SWIFT_STANDARD_LIBRARIES = YES;
				ASSETCATALOG_COMPILER_APPICON_NAME = AppIcon;
				CODE_SIGN_STYLE = Automatic;
				IBSC_MODULE = AnimateSpriteKitOnWatchOS_WatchKit_Extension;
				INFOPLIST_FILE = "AnimateSpriteKitOnWatchOS WatchKit App/Info.plist";
				PRODUCT_BUNDLE_IDENTIFIER = com.vineetb.AnimateSpriteKitOnWatchOS.watchkitapp;
				PRODUCT_NAME = "$(TARGET_NAME)";
				SDKROOT = watchos;
				SKIP_INSTALL = YES;
				SWIFT_VERSION = 4.0;
				TARGETED_DEVICE_FAMILY = 4;
				WATCHOS_DEPLOYMENT_TARGET = 4.0;
			};
			name = Release;
		};
		04A0035B1F658C0400FCEE11 /* Debug */ = {
			isa = XCBuildConfiguration;
			buildSettings = {
				ASSETCATALOG_COMPILER_APPICON_NAME = AppIcon;
				CODE_SIGN_STYLE = Automatic;
				DEVELOPMENT_TEAM = K2B832X3NC;
				INFOPLIST_FILE = AnimateSpriteKitOnWatchOS/Info.plist;
				LD_RUNPATH_SEARCH_PATHS = "$(inherited) @executable_path/Frameworks";
				PRODUCT_BUNDLE_IDENTIFIER = com.vineetb.AnimateSpriteKitOnWatchOS;
				PRODUCT_NAME = "$(TARGET_NAME)";
				SWIFT_VERSION = 4.0;
				TARGETED_DEVICE_FAMILY = "1,2";
			};
			name = Debug;
		};
		04A0035C1F658C0400FCEE11 /* Release */ = {
			isa = XCBuildConfiguration;
			buildSettings = {
				ASSETCATALOG_COMPILER_APPICON_NAME = AppIcon;
				CODE_SIGN_STYLE = Automatic;
				DEVELOPMENT_TEAM = K2B832X3NC;
				INFOPLIST_FILE = AnimateSpriteKitOnWatchOS/Info.plist;
				LD_RUNPATH_SEARCH_PATHS = "$(inherited) @executable_path/Frameworks";
				PRODUCT_BUNDLE_IDENTIFIER = com.vineetb.AnimateSpriteKitOnWatchOS;
				PRODUCT_NAME = "$(TARGET_NAME)";
				SWIFT_VERSION = 4.0;
				TARGETED_DEVICE_FAMILY = "1,2";
			};
			name = Release;
		};
		04A0035E1F658C0400FCEE11 /* Debug */ = {
			isa = XCBuildConfiguration;
			buildSettings = {
				ALWAYS_EMBED_SWIFT_STANDARD_LIBRARIES = YES;
				BUNDLE_LOADER = "$(TEST_HOST)";
				CODE_SIGN_STYLE = Automatic;
				INFOPLIST_FILE = AnimateSpriteKitOnWatchOSTests/Info.plist;
				LD_RUNPATH_SEARCH_PATHS = "$(inherited) @executable_path/Frameworks @loader_path/Frameworks";
				PRODUCT_BUNDLE_IDENTIFIER = com.vineetb.AnimateSpriteKitOnWatchOSTests;
				PRODUCT_NAME = "$(TARGET_NAME)";
				SWIFT_VERSION = 4.0;
				TARGETED_DEVICE_FAMILY = "1,2";
				TEST_HOST = "$(BUILT_PRODUCTS_DIR)/AnimateSpriteKitOnWatchOS.app/AnimateSpriteKitOnWatchOS";
			};
			name = Debug;
		};
		04A0035F1F658C0400FCEE11 /* Release */ = {
			isa = XCBuildConfiguration;
			buildSettings = {
				ALWAYS_EMBED_SWIFT_STANDARD_LIBRARIES = YES;
				BUNDLE_LOADER = "$(TEST_HOST)";
				CODE_SIGN_STYLE = Automatic;
				INFOPLIST_FILE = AnimateSpriteKitOnWatchOSTests/Info.plist;
				LD_RUNPATH_SEARCH_PATHS = "$(inherited) @executable_path/Frameworks @loader_path/Frameworks";
				PRODUCT_BUNDLE_IDENTIFIER = com.vineetb.AnimateSpriteKitOnWatchOSTests;
				PRODUCT_NAME = "$(TARGET_NAME)";
				SWIFT_VERSION = 4.0;
				TARGETED_DEVICE_FAMILY = "1,2";
				TEST_HOST = "$(BUILT_PRODUCTS_DIR)/AnimateSpriteKitOnWatchOS.app/AnimateSpriteKitOnWatchOS";
			};
			name = Release;
		};
		04A003611F658C0400FCEE11 /* Debug */ = {
			isa = XCBuildConfiguration;
			buildSettings = {
				ALWAYS_EMBED_SWIFT_STANDARD_LIBRARIES = YES;
				CODE_SIGN_STYLE = Automatic;
				INFOPLIST_FILE = AnimateSpriteKitOnWatchOSUITests/Info.plist;
				LD_RUNPATH_SEARCH_PATHS = "$(inherited) @executable_path/Frameworks @loader_path/Frameworks";
				PRODUCT_BUNDLE_IDENTIFIER = com.vineetb.AnimateSpriteKitOnWatchOSUITests;
				PRODUCT_NAME = "$(TARGET_NAME)";
				SWIFT_VERSION = 4.0;
				TARGETED_DEVICE_FAMILY = "1,2";
				TEST_TARGET_NAME = AnimateSpriteKitOnWatchOS;
			};
			name = Debug;
		};
		04A003621F658C0400FCEE11 /* Release */ = {
			isa = XCBuildConfiguration;
			buildSettings = {
				ALWAYS_EMBED_SWIFT_STANDARD_LIBRARIES = YES;
				CODE_SIGN_STYLE = Automatic;
				INFOPLIST_FILE = AnimateSpriteKitOnWatchOSUITests/Info.plist;
				LD_RUNPATH_SEARCH_PATHS = "$(inherited) @executable_path/Frameworks @loader_path/Frameworks";
				PRODUCT_BUNDLE_IDENTIFIER = com.vineetb.AnimateSpriteKitOnWatchOSUITests;
				PRODUCT_NAME = "$(TARGET_NAME)";
				SWIFT_VERSION = 4.0;
				TARGETED_DEVICE_FAMILY = "1,2";
				TEST_TARGET_NAME = AnimateSpriteKitOnWatchOS;
			};
			name = Release;
		};
/* End XCBuildConfiguration section */

/* Begin XCConfigurationList section */
		04A003051F658C0400FCEE11 /* Build configuration list for PBXProject "AnimateSpriteKitOnWatchOS" */ = {
			isa = XCConfigurationList;
			buildConfigurations = (
				04A003501F658C0400FCEE11 /* Debug */,
				04A003511F658C0400FCEE11 /* Release */,
			);
			defaultConfigurationIsVisible = 0;
			defaultConfigurationName = Release;
		};
		04A003521F658C0400FCEE11 /* Build configuration list for PBXNativeTarget "AnimateSpriteKitOnWatchOS WatchKit Extension" */ = {
			isa = XCConfigurationList;
			buildConfigurations = (
				04A003531F658C0400FCEE11 /* Debug */,
				04A003541F658C0400FCEE11 /* Release */,
			);
			defaultConfigurationIsVisible = 0;
			defaultConfigurationName = Release;
		};
		04A003561F658C0400FCEE11 /* Build configuration list for PBXNativeTarget "AnimateSpriteKitOnWatchOS WatchKit App" */ = {
			isa = XCConfigurationList;
			buildConfigurations = (
				04A003571F658C0400FCEE11 /* Debug */,
				04A003581F658C0400FCEE11 /* Release */,
			);
			defaultConfigurationIsVisible = 0;
			defaultConfigurationName = Release;
		};
		04A0035A1F658C0400FCEE11 /* Build configuration list for PBXNativeTarget "AnimateSpriteKitOnWatchOS" */ = {
			isa = XCConfigurationList;
			buildConfigurations = (
				04A0035B1F658C0400FCEE11 /* Debug */,
				04A0035C1F658C0400FCEE11 /* Release */,
			);
			defaultConfigurationIsVisible = 0;
			defaultConfigurationName = Release;
		};
		04A0035D1F658C0400FCEE11 /* Build configuration list for PBXNativeTarget "AnimateSpriteKitOnWatchOSTests" */ = {
			isa = XCConfigurationList;
			buildConfigurations = (
				04A0035E1F658C0400FCEE11 /* Debug */,
				04A0035F1F658C0400FCEE11 /* Release */,
			);
			defaultConfigurationIsVisible = 0;
			defaultConfigurationName = Release;
		};
		04A003601F658C0400FCEE11 /* Build configuration list for PBXNativeTarget "AnimateSpriteKitOnWatchOSUITests" */ = {
			isa = XCConfigurationList;
			buildConfigurations = (
				04A003611F658C0400FCEE11 /* Debug */,
				04A003621F658C0400FCEE11 /* Release */,
			);
			defaultConfigurationIsVisible = 0;
			defaultConfigurationName = Release;
		};
/* End XCConfigurationList section */
	};
	rootObject = 04A003021F658C0400FCEE11 /* Project object */;
}
